
Microsoft Visual Studio Solution File, Format Version 12.00
Project("{FAE04EC0-301F-11D3-BF4B-00C04F79EFBC}") = "Calculation", "Calculation\Calculation.csproj", "{B10EA251-DB35-46E9-BF41-AE1BD1876B34}"
EndProject
Project("{FAE04EC0-301F-11D3-BF4B-00C04F79EFBC}") = "CalculatorUnitTests", "CalculatorUnitTests\CalculatorUnitTests.csproj", "{2D6F4533-5E22-4215-AD57-5FEDAEB6443E}"
EndProject
Global
	GlobalSection(SolutionConfigurationPlatforms) = preSolution
		Debug|Any CPU = Debug|Any CPU
		Release|Any CPU = Release|Any CPU
	EndGlobalSection
	GlobalSection(ProjectConfigurationPlatforms) = postSolution
		{B10EA251-DB35-46E9-BF41-AE1BD1876B34}.Debug|Any CPU.ActiveCfg = Debug|Any CPU
		{B10EA251-DB35-46E9-BF41-AE1BD1876B34}.Debug|Any CPU.Build.0 = Debug|Any CPU
		{B10EA251-DB35-46E9-BF41-AE1BD1876B34}.Release|Any CPU.ActiveCfg = Release|Any CPU
		{B10EA251-DB35-46E9-BF41-AE1BD1876B34}.Release|Any CPU.Build.0 = Release|Any CPU
		{2D6F4533-5E22-4215-AD57-5FEDAEB6443E}.Debug|Any CPU.ActiveCfg = Debug|Any CPU
		{2D6F4533-5E22-4215-AD57-5FEDAEB6443E}.Debug|Any CPU.Build.0 = Debug|Any CPU
		{2D6F4533-5E22-4215-AD57-5FEDAEB6443E}.Release|Any CPU.ActiveCfg = Release|Any CPU
		{2D6F4533-5E22-4215-AD57-5FEDAEB6443E}.Release|Any CPU.Build.0 = Release|Any CPU
	EndGlobalSection
EndGlobal
